
Microsoft Visual Studio Solution File, Format Version 12.00
# Visual Studio 2017
Project("{FAE04EC0-301F-11D3-BF4B-00C04F79EFBC}") = "dipit", "dipit.csproj", "{D6D14263-7BCA-5E9A-35EC-25E076017C44}"
EndProject
Global
	GlobalSection(SolutionConfigurationPlatforms) = preSolution
		Debug|Any CPU = Debug|Any CPU
		Release|Any CPU = Release|Any CPU
	EndGlobalSection
	GlobalSection(ProjectConfigurationPlatforms) = postSolution
		{D6D14263-7BCA-5E9A-35EC-25E076017C44}.Debug|Any CPU.ActiveCfg = Debug|Any CPU
		{D6D14263-7BCA-5E9A-35EC-25E076017C44}.Debug|Any CPU.Build.0 = Debug|Any CPU
		{D6D14263-7BCA-5E9A-35EC-25E076017C44}.Release|Any CPU.ActiveCfg = Release|Any CPU
		{D6D14263-7BCA-5E9A-35EC-25E076017C44}.Release|Any CPU.Build.0 = Release|Any CPU
	EndGlobalSection
	GlobalSection(SolutionProperties) = preSolution
		HideSolutionNode = FALSE
	EndGlobalSection
EndGlobal
