
Microsoft Visual Studio Solution File, Format Version 12.00
# Visual Studio 2017
Project("{FAE04EC0-301F-11D3-BF4B-00C04F79EFBC}") = "sneekyvirus", "sneekyvirus.csproj", "{0CF0197D-5370-7C4D-D27E-712B8451F1D9}"
EndProject
Global
	GlobalSection(SolutionConfigurationPlatforms) = preSolution
		Debug|Any CPU = Debug|Any CPU
		Release|Any CPU = Release|Any CPU
	EndGlobalSection
	GlobalSection(ProjectConfigurationPlatforms) = postSolution
		{0CF0197D-5370-7C4D-D27E-712B8451F1D9}.Debug|Any CPU.ActiveCfg = Debug|Any CPU
		{0CF0197D-5370-7C4D-D27E-712B8451F1D9}.Debug|Any CPU.Build.0 = Debug|Any CPU
		{0CF0197D-5370-7C4D-D27E-712B8451F1D9}.Release|Any CPU.ActiveCfg = Release|Any CPU
		{0CF0197D-5370-7C4D-D27E-712B8451F1D9}.Release|Any CPU.Build.0 = Release|Any CPU
	EndGlobalSection
	GlobalSection(SolutionProperties) = preSolution
		HideSolutionNode = FALSE
	EndGlobalSection
EndGlobal
